// !$*UTF8*$!
{
	archiveVersion = 1;
	classes = {
	};
	objectVersion = 46;
	objects = {

/* Begin PBXBuildFile section */
		45F9449419362D40001ECD21 /* Foundation.framework in Frameworks */ = {isa = PBXBuildFile; fileRef = 45F9449319362D40001ECD21 /* Foundation.framework */; };
		45F9449919362D40001ECD21 /* CocoaAbelTouch.h in CopyFiles */ = {isa = PBXBuildFile; fileRef = 45F9449819362D40001ECD21 /* CocoaAbelTouch.h */; };
		45F9449B19362D40001ECD21 /* CocoaAbelTouch.m in Sources */ = {isa = PBXBuildFile; fileRef = 45F9449A19362D40001ECD21 /* CocoaAbelTouch.m */; };
		45F944A219362D40001ECD21 /* XCTest.framework in Frameworks */ = {isa = PBXBuildFile; fileRef = 45F944A119362D40001ECD21 /* XCTest.framework */; };
		45F944A319362D40001ECD21 /* Foundation.framework in Frameworks */ = {isa = PBXBuildFile; fileRef = 45F9449319362D40001ECD21 /* Foundation.framework */; };
		45F944A519362D40001ECD21 /* UIKit.framework in Frameworks */ = {isa = PBXBuildFile; fileRef = 45F944A419362D40001ECD21 /* UIKit.framework */; };
		45F944A819362D40001ECD21 /* libCocoaAbelTouch.a in Frameworks */ = {isa = PBXBuildFile; fileRef = 45F9449019362D40001ECD21 /* libCocoaAbelTouch.a */; };
		45F944AE19362D40001ECD21 /* InfoPlist.strings in Resources */ = {isa = PBXBuildFile; fileRef = 45F944AC19362D40001ECD21 /* InfoPlist.strings */; };
		45F944B019362D40001ECD21 /* CocoaAbelTouchTests.m in Sources */ = {isa = PBXBuildFile; fileRef = 45F944AF19362D40001ECD21 /* CocoaAbelTouchTests.m */; };
/* End PBXBuildFile section */

/* Begin PBXContainerItemProxy section */
		45F944A619362D40001ECD21 /* PBXContainerItemProxy */ = {
			isa = PBXContainerItemProxy;
			containerPortal = 45F9448819362D3F001ECD21 /* Project object */;
			proxyType = 1;
			remoteGlobalIDString = 45F9448F19362D40001ECD21;
			remoteInfo = CocoaAbelTouch;
		};
/* End PBXContainerItemProxy section */

/* Begin PBXCopyFilesBuildPhase section */
		45F9448E19362D40001ECD21 /* CopyFiles */ = {
			isa = PBXCopyFilesBuildPhase;
			buildActionMask = 2147483647;
			dstPath = "include/$(PRODUCT_NAME)";
			dstSubfolderSpec = 16;
			files = (
				45F9449919362D40001ECD21 /* CocoaAbelTouch.h in CopyFiles */,
			);
			runOnlyForDeploymentPostprocessing = 0;
		};
/* End PBXCopyFilesBuildPhase section */

/* Begin PBXFileReference section */
		45F9449019362D40001ECD21 /* libCocoaAbelTouch.a */ = {isa = PBXFileReference; explicitFileType = archive.ar; includeInIndex = 0; path = libCocoaAbelTouch.a; sourceTree = BUILT_PRODUCTS_DIR; };
		45F9449319362D40001ECD21 /* Foundation.framework */ = {isa = PBXFileReference; lastKnownFileType = wrapper.framework; name = Foundation.framework; path = System/Library/Frameworks/Foundation.framework; sourceTree = SDKROOT; };
		45F9449719362D40001ECD21 /* CocoaAbelTouch-Prefix.pch */ = {isa = PBXFileReference; lastKnownFileType = sourcecode.c.h; path = "CocoaAbelTouch-Prefix.pch"; sourceTree = "<group>"; };
		45F9449819362D40001ECD21 /* CocoaAbelTouch.h */ = {isa = PBXFileReference; lastKnownFileType = sourcecode.c.h; path = CocoaAbelTouch.h; sourceTree = "<group>"; };
		45F9449A19362D40001ECD21 /* CocoaAbelTouch.m */ = {isa = PBXFileReference; lastKnownFileType = sourcecode.c.objc; path = CocoaAbelTouch.m; sourceTree = "<group>"; };
		45F944A019362D40001ECD21 /* CocoaAbelTouchTests.xctest */ = {isa = PBXFileReference; explicitFileType = wrapper.cfbundle; includeInIndex = 0; path = CocoaAbelTouchTests.xctest; sourceTree = BUILT_PRODUCTS_DIR; };
		45F944A119362D40001ECD21 /* XCTest.framework */ = {isa = PBXFileReference; lastKnownFileType = wrapper.framework; name = XCTest.framework; path = Library/Frameworks/XCTest.framework; sourceTree = DEVELOPER_DIR; };
		45F944A419362D40001ECD21 /* UIKit.framework */ = {isa = PBXFileReference; lastKnownFileType = wrapper.framework; name = UIKit.framework; path = Library/Frameworks/UIKit.framework; sourceTree = DEVELOPER_DIR; };
		45F944AB19362D40001ECD21 /* CocoaAbelTouchTests-Info.plist */ = {isa = PBXFileReference; lastKnownFileType = text.plist.xml; path = "CocoaAbelTouchTests-Info.plist"; sourceTree = "<group>"; };
		45F944AD19362D40001ECD21 /* en */ = {isa = PBXFileReference; lastKnownFileType = text.plist.strings; name = en; path = en.lproj/InfoPlist.strings; sourceTree = "<group>"; };
		45F944AF19362D40001ECD21 /* CocoaAbelTouchTests.m */ = {isa = PBXFileReference; lastKnownFileType = sourcecode.c.objc; path = CocoaAbelTouchTests.m; sourceTree = "<group>"; };
/* End PBXFileReference section */

/* Begin PBXFrameworksBuildPhase section */
		45F9448D19362D40001ECD21 /* Frameworks */ = {
			isa = PBXFrameworksBuildPhase;
			buildActionMask = 2147483647;
			files = (
				45F9449419362D40001ECD21 /* Foundation.framework in Frameworks */,
			);
			runOnlyForDeploymentPostprocessing = 0;
		};
		45F9449D19362D40001ECD21 /* Frameworks */ = {
			isa = PBXFrameworksBuildPhase;
			buildActionMask = 2147483647;
			files = (
				45F944A219362D40001ECD21 /* XCTest.framework in Frameworks */,
				45F944A819362D40001ECD21 /* libCocoaAbelTouch.a in Frameworks */,
				45F944A519362D40001ECD21 /* UIKit.framework in Frameworks */,
				45F944A319362D40001ECD21 /* Foundation.framework in Frameworks */,
			);
			runOnlyForDeploymentPostprocessing = 0;
		};
/* End PBXFrameworksBuildPhase section */

/* Begin PBXGroup section */
		45F9448719362D3F001ECD21 = {
			isa = PBXGroup;
			children = (
				45F9449519362D40001ECD21 /* CocoaAbelTouch */,
				45F944A919362D40001ECD21 /* CocoaAbelTouchTests */,
				45F9449219362D40001ECD21 /* Frameworks */,
				45F9449119362D40001ECD21 /* Products */,
			);
			sourceTree = "<group>";
		};
		45F9449119362D40001ECD21 /* Products */ = {
			isa = PBXGroup;
			children = (
				45F9449019362D40001ECD21 /* libCocoaAbelTouch.a */,
				45F944A019362D40001ECD21 /* CocoaAbelTouchTests.xctest */,
			);
			name = Products;
			sourceTree = "<group>";
		};
		45F9449219362D40001ECD21 /* Frameworks */ = {
			isa = PBXGroup;
			children = (
				45F9449319362D40001ECD21 /* Foundation.framework */,
				45F944A119362D40001ECD21 /* XCTest.framework */,
				45F944A419362D40001ECD21 /* UIKit.framework */,
			);
			name = Frameworks;
			sourceTree = "<group>";
		};
		45F9449519362D40001ECD21 /* CocoaAbelTouch */ = {
			isa = PBXGroup;
			children = (
				45F9449819362D40001ECD21 /* CocoaAbelTouch.h */,
				45F9449A19362D40001ECD21 /* CocoaAbelTouch.m */,
				45F9449619362D40001ECD21 /* Supporting Files */,
			);
			path = CocoaAbelTouch;
			sourceTree = "<group>";
		};
		45F9449619362D40001ECD21 /* Supporting Files */ = {
			isa = PBXGroup;
			children = (
				45F9449719362D40001ECD21 /* CocoaAbelTouch-Prefix.pch */,
			);
			name = "Supporting Files";
			sourceTree = "<group>";
		};
		45F944A919362D40001ECD21 /* CocoaAbelTouchTests */ = {
			isa = PBXGroup;
			children = (
				45F944AF19362D40001ECD21 /* CocoaAbelTouchTests.m */,
				45F944AA19362D40001ECD21 /* Supporting Files */,
			);
			path = CocoaAbelTouchTests;
			sourceTree = "<group>";
		};
		45F944AA19362D40001ECD21 /* Supporting Files */ = {
			isa = PBXGroup;
			children = (
				45F944AB19362D40001ECD21 /* CocoaAbelTouchTests-Info.plist */,
				45F944AC19362D40001ECD21 /* InfoPlist.strings */,
			);
			name = "Supporting Files";
			sourceTree = "<group>";
		};
/* End PBXGroup section */

/* Begin PBXNativeTarget section */
		45F9448F19362D40001ECD21 /* CocoaAbelTouch */ = {
			isa = PBXNativeTarget;
			buildConfigurationList = 45F944B319362D40001ECD21 /* Build configuration list for PBXNativeTarget "CocoaAbelTouch" */;
			buildPhases = (
				45F9448C19362D40001ECD21 /* Sources */,
				45F9448D19362D40001ECD21 /* Frameworks */,
				45F9448E19362D40001ECD21 /* CopyFiles */,
			);
			buildRules = (
			);
			dependencies = (
			);
			name = CocoaAbelTouch;
			productName = CocoaAbelTouch;
			productReference = 45F9449019362D40001ECD21 /* libCocoaAbelTouch.a */;
			productType = "com.apple.product-type.library.static";
		};
		45F9449F19362D40001ECD21 /* CocoaAbelTouchTests */ = {
			isa = PBXNativeTarget;
			buildConfigurationList = 45F944B619362D40001ECD21 /* Build configuration list for PBXNativeTarget "CocoaAbelTouchTests" */;
			buildPhases = (
				45F9449C19362D40001ECD21 /* Sources */,
				45F9449D19362D40001ECD21 /* Frameworks */,
				45F9449E19362D40001ECD21 /* Resources */,
			);
			buildRules = (
			);
			dependencies = (
				45F944A719362D40001ECD21 /* PBXTargetDependency */,
			);
			name = CocoaAbelTouchTests;
			productName = CocoaAbelTouchTests;
			productReference = 45F944A019362D40001ECD21 /* CocoaAbelTouchTests.xctest */;
			productType = "com.apple.product-type.bundle.unit-test";
		};
/* End PBXNativeTarget section */

/* Begin PBXProject section */
		45F9448819362D3F001ECD21 /* Project object */ = {
			isa = PBXProject;
			attributes = {
				LastUpgradeCheck = 0510;
				ORGANIZATIONNAME = "Abel Garcia";
			};
			buildConfigurationList = 45F9448B19362D3F001ECD21 /* Build configuration list for PBXProject "CocoaAbelTouch" */;
			compatibilityVersion = "Xcode 3.2";
			developmentRegion = English;
			hasScannedForEncodings = 0;
			knownRegions = (
				en,
			);
			mainGroup = 45F9448719362D3F001ECD21;
			productRefGroup = 45F9449119362D40001ECD21 /* Products */;
			projectDirPath = "";
			projectRoot = "";
			targets = (
				45F9448F19362D40001ECD21 /* CocoaAbelTouch */,
				45F9449F19362D40001ECD21 /* CocoaAbelTouchTests */,
			);
		};
/* End PBXProject section */

/* Begin PBXResourcesBuildPhase section */
		45F9449E19362D40001ECD21 /* Resources */ = {
			isa = PBXResourcesBuildPhase;
			buildActionMask = 2147483647;
			files = (
				45F944AE19362D40001ECD21 /* InfoPlist.strings in Resources */,
			);
			runOnlyForDeploymentPostprocessing = 0;
		};
/* End PBXResourcesBuildPhase section */

/* Begin PBXSourcesBuildPhase section */
		45F9448C19362D40001ECD21 /* Sources */ = {
			isa = PBXSourcesBuildPhase;
			buildActionMask = 2147483647;
			files = (
				45F9449B19362D40001ECD21 /* CocoaAbelTouch.m in Sources */,
			);
			runOnlyForDeploymentPostprocessing = 0;
		};
		45F9449C19362D40001ECD21 /* Sources */ = {
			isa = PBXSourcesBuildPhase;
			buildActionMask = 2147483647;
			files = (
				45F944B019362D40001ECD21 /* CocoaAbelTouchTests.m in Sources */,
			);
			runOnlyForDeploymentPostprocessing = 0;
		};
/* End PBXSourcesBuildPhase section */

/* Begin PBXTargetDependency section */
		45F944A719362D40001ECD21 /* PBXTargetDependency */ = {
			isa = PBXTargetDependency;
			target = 45F9448F19362D40001ECD21 /* CocoaAbelTouch */;
			targetProxy = 45F944A619362D40001ECD21 /* PBXContainerItemProxy */;
		};
/* End PBXTargetDependency section */

/* Begin PBXVariantGroup section */
		45F944AC19362D40001ECD21 /* InfoPlist.strings */ = {
			isa = PBXVariantGroup;
			children = (
				45F944AD19362D40001ECD21 /* en */,
			);
			name = InfoPlist.strings;
			sourceTree = "<group>";
		};
/* End PBXVariantGroup section */

/* Begin XCBuildConfiguration section */
		45F944B119362D40001ECD21 /* Debug */ = {
			isa = XCBuildConfiguration;
			buildSettings = {
				ALWAYS_SEARCH_USER_PATHS = NO;
				CLANG_CXX_LANGUAGE_STANDARD = "gnu++0x";
				CLANG_CXX_LIBRARY = "libc++";
				CLANG_ENABLE_MODULES = YES;
				CLANG_ENABLE_OBJC_ARC = YES;
				CLANG_WARN_BOOL_CONVERSION = YES;
				CLANG_WARN_CONSTANT_CONVERSION = YES;
				CLANG_WARN_DIRECT_OBJC_ISA_USAGE = YES_ERROR;
				CLANG_WARN_EMPTY_BODY = YES;
				CLANG_WARN_ENUM_CONVERSION = YES;
				CLANG_WARN_INT_CONVERSION = YES;
				CLANG_WARN_OBJC_ROOT_CLASS = YES_ERROR;
				CLANG_WARN__DUPLICATE_METHOD_MATCH = YES;
				COPY_PHASE_STRIP = NO;
				GCC_C_LANGUAGE_STANDARD = gnu99;
				GCC_DYNAMIC_NO_PIC = NO;
				GCC_OPTIMIZATION_LEVEL = 0;
				GCC_PREPROCESSOR_DEFINITIONS = (
					"DEBUG=1",
					"$(inherited)",
				);
				GCC_SYMBOLS_PRIVATE_EXTERN = NO;
				GCC_WARN_64_TO_32_BIT_CONVERSION = YES;
				GCC_WARN_ABOUT_RETURN_TYPE = YES_ERROR;
				GCC_WARN_UNDECLARED_SELECTOR = YES;
				GCC_WARN_UNINITIALIZED_AUTOS = YES_AGGRESSIVE;
				GCC_WARN_UNUSED_FUNCTION = YES;
				GCC_WARN_UNUSED_VARIABLE = YES;
				IPHONEOS_DEPLOYMENT_TARGET = 7.1;
				ONLY_ACTIVE_ARCH = YES;
				SDKROOT = iphoneos;
			};
			name = Debug;
		};
		45F944B219362D40001ECD21 /* Release */ = {
			isa = XCBuildConfiguration;
			buildSettings = {
				ALWAYS_SEARCH_USER_PATHS = NO;
				CLANG_CXX_LANGUAGE_STANDARD = "gnu++0x";
				CLANG_CXX_LIBRARY = "libc++";
				CLANG_ENABLE_MODULES = YES;
				CLANG_ENABLE_OBJC_ARC = YES;
				CLANG_WARN_BOOL_CONVERSION = YES;
				CLANG_WARN_CONSTANT_CONVERSION = YES;
				CLANG_WARN_DIRECT_OBJC_ISA_USAGE = YES_ERROR;
				CLANG_WARN_EMPTY_BODY = YES;
				CLANG_WARN_ENUM_CONVERSION = YES;
				CLANG_WARN_INT_CONVERSION = YES;
				CLANG_WARN_OBJC_ROOT_CLASS = YES_ERROR;
				CLANG_WARN__DUPLICATE_METHOD_MATCH = YES;
				COPY_PHASE_STRIP = YES;
				ENABLE_NS_ASSERTIONS = NO;
				GCC_C_LANGUAGE_STANDARD = gnu99;
				GCC_WARN_64_TO_32_BIT_CONVERSION = YES;
				GCC_WARN_ABOUT_RETURN_TYPE = YES_ERROR;
				GCC_WARN_UNDECLARED_SELECTOR = YES;
				GCC_WARN_UNINITIALIZED_AUTOS = YES_AGGRESSIVE;
				GCC_WARN_UNUSED_FUNCTION = YES;
				GCC_WARN_UNUSED_VARIABLE = YES;
				IPHONEOS_DEPLOYMENT_TARGET = 7.1;
				SDKROOT = iphoneos;
				VALIDATE_PRODUCT = YES;
			};
			name = Release;
		};
		45F944B419362D40001ECD21 /* Debug */ = {
			isa = XCBuildConfiguration;
			buildSettings = {
				DSTROOT = /tmp/CocoaAbelTouch.dst;
				GCC_PRECOMPILE_PREFIX_HEADER = YES;
				GCC_PREFIX_HEADER = "CocoaAbelTouch/CocoaAbelTouch-Prefix.pch";
				OTHER_LDFLAGS = "-ObjC";
				PRODUCT_NAME = "$(TARGET_NAME)";
				SKIP_INSTALL = YES;
			};
			name = Debug;
		};
		45F944B519362D40001ECD21 /* Release */ = {
			isa = XCBuildConfiguration;
			buildSettings = {
				DSTROOT = /tmp/CocoaAbelTouch.dst;
				GCC_PRECOMPILE_PREFIX_HEADER = YES;
				GCC_PREFIX_HEADER = "CocoaAbelTouch/CocoaAbelTouch-Prefix.pch";
				OTHER_LDFLAGS = "-ObjC";
				PRODUCT_NAME = "$(TARGET_NAME)";
				SKIP_INSTALL = YES;
			};
			name = Release;
		};
		45F944B719362D40001ECD21 /* Debug */ = {
			isa = XCBuildConfiguration;
			buildSettings = {
				FRAMEWORK_SEARCH_PATHS = (
					"$(SDKROOT)/Developer/Library/Frameworks",
					"$(inherited)",
					"$(DEVELOPER_FRAMEWORKS_DIR)",
				);
				GCC_PRECOMPILE_PREFIX_HEADER = YES;
				GCC_PREFIX_HEADER = "CocoaAbelTouch/CocoaAbelTouch-Prefix.pch";
				GCC_PREPROCESSOR_DEFINITIONS = (
					"DEBUG=1",
					"$(inherited)",
				);
				INFOPLIST_FILE = "CocoaAbelTouchTests/CocoaAbelTouchTests-Info.plist";
				PRODUCT_NAME = "$(TARGET_NAME)";
				WRAPPER_EXTENSION = xctest;
			};
			name = Debug;
		};
		45F944B819362D40001ECD21 /* Release */ = {
			isa = XCBuildConfiguration;
			buildSettings = {
				FRAMEWORK_SEARCH_PATHS = (
					"$(SDKROOT)/Developer/Library/Frameworks",
					"$(inherited)",
					"$(DEVELOPER_FRAMEWORKS_DIR)",
				);
				GCC_PRECOMPILE_PREFIX_HEADER = YES;
				GCC_PREFIX_HEADER = "CocoaAbelTouch/CocoaAbelTouch-Prefix.pch";
				INFOPLIST_FILE = "CocoaAbelTouchTests/CocoaAbelTouchTests-Info.plist";
				PRODUCT_NAME = "$(TARGET_NAME)";
				WRAPPER_EXTENSION = xctest;
			};
			name = Release;
		};
/* End XCBuildConfiguration section */

/* Begin XCConfigurationList section */
		45F9448B19362D3F001ECD21 /* Build configuration list for PBXProject "CocoaAbelTouch" */ = {
			isa = XCConfigurationList;
			buildConfigurations = (
				45F944B119362D40001ECD21 /* Debug */,
				45F944B219362D40001ECD21 /* Release */,
			);
			defaultConfigurationIsVisible = 0;
			defaultConfigurationName = Release;
		};
		45F944B319362D40001ECD21 /* Build configuration list for PBXNativeTarget "CocoaAbelTouch" */ = {
			isa = XCConfigurationList;
			buildConfigurations = (
				45F944B419362D40001ECD21 /* Debug */,
				45F944B519362D40001ECD21 /* Release */,
			);
			defaultConfigurationIsVisible = 0;
		};
		45F944B619362D40001ECD21 /* Build configuration list for PBXNativeTarget "CocoaAbelTouchTests" */ = {
			isa = XCConfigurationList;
			buildConfigurations = (
				45F944B719362D40001ECD21 /* Debug */,
				45F944B819362D40001ECD21 /* Release */,
			);
			defaultConfigurationIsVisible = 0;
		};
/* End XCConfigurationList section */
	};
	rootObject = 45F9448819362D3F001ECD21 /* Project object */;
}
