// !$*UTF8*$!
{
	archiveVersion = 1;
	classes = {
	};
	objectVersion = 46;
	objects = {

/* Begin PBXBuildFile section */
		4556BF3C1950A69A008F31E2 /* Foundation.framework in Frameworks */ = {isa = PBXBuildFile; fileRef = 4556BF3B1950A69A008F31E2 /* Foundation.framework */; };
		4556BF3E1950A69A008F31E2 /* CoreGraphics.framework in Frameworks */ = {isa = PBXBuildFile; fileRef = 4556BF3D1950A69A008F31E2 /* CoreGraphics.framework */; };
		4556BF401950A69A008F31E2 /* UIKit.framework in Frameworks */ = {isa = PBXBuildFile; fileRef = 4556BF3F1950A69A008F31E2 /* UIKit.framework */; };
		4556BF461950A69A008F31E2 /* InfoPlist.strings in Resources */ = {isa = PBXBuildFile; fileRef = 4556BF441950A69A008F31E2 /* InfoPlist.strings */; };
		4556BF481950A69A008F31E2 /* main.m in Sources */ = {isa = PBXBuildFile; fileRef = 4556BF471950A69A008F31E2 /* main.m */; };
		4556BF4C1950A69A008F31E2 /* XYZAppDelegate.m in Sources */ = {isa = PBXBuildFile; fileRef = 4556BF4B1950A69A008F31E2 /* XYZAppDelegate.m */; };
		4556BF4F1950A69A008F31E2 /* Main_iPhone.storyboard in Resources */ = {isa = PBXBuildFile; fileRef = 4556BF4D1950A69A008F31E2 /* Main_iPhone.storyboard */; };
		4556BF521950A69A008F31E2 /* Main_iPad.storyboard in Resources */ = {isa = PBXBuildFile; fileRef = 4556BF501950A69A008F31E2 /* Main_iPad.storyboard */; };
		4556BF551950A69A008F31E2 /* XYZViewController.m in Sources */ = {isa = PBXBuildFile; fileRef = 4556BF541950A69A008F31E2 /* XYZViewController.m */; };
		4556BF571950A69A008F31E2 /* Images.xcassets in Resources */ = {isa = PBXBuildFile; fileRef = 4556BF561950A69A008F31E2 /* Images.xcassets */; };
		4556BF5E1950A69A008F31E2 /* XCTest.framework in Frameworks */ = {isa = PBXBuildFile; fileRef = 4556BF5D1950A69A008F31E2 /* XCTest.framework */; };
		4556BF5F1950A69A008F31E2 /* Foundation.framework in Frameworks */ = {isa = PBXBuildFile; fileRef = 4556BF3B1950A69A008F31E2 /* Foundation.framework */; };
		4556BF601950A69A008F31E2 /* UIKit.framework in Frameworks */ = {isa = PBXBuildFile; fileRef = 4556BF3F1950A69A008F31E2 /* UIKit.framework */; };
		4556BF681950A69A008F31E2 /* InfoPlist.strings in Resources */ = {isa = PBXBuildFile; fileRef = 4556BF661950A69A008F31E2 /* InfoPlist.strings */; };
		4556BF6A1950A69A008F31E2 /* SingleViewTests.m in Sources */ = {isa = PBXBuildFile; fileRef = 4556BF691950A69A008F31E2 /* SingleViewTests.m */; };
		4556BF781950BEFF008F31E2 /* animation_dog5.jpg in Resources */ = {isa = PBXBuildFile; fileRef = 4556BF731950BEFF008F31E2 /* animation_dog5.jpg */; };
		4556BF791950BEFF008F31E2 /* animation_dog4.jpg in Resources */ = {isa = PBXBuildFile; fileRef = 4556BF741950BEFF008F31E2 /* animation_dog4.jpg */; };
		4556BF7A1950BEFF008F31E2 /* animation_dog3.jpg in Resources */ = {isa = PBXBuildFile; fileRef = 4556BF751950BEFF008F31E2 /* animation_dog3.jpg */; };
		4556BF7B1950BEFF008F31E2 /* animation_dog2.jpg in Resources */ = {isa = PBXBuildFile; fileRef = 4556BF761950BEFF008F31E2 /* animation_dog2.jpg */; };
		4556BF7C1950BEFF008F31E2 /* animation_dog1.jpg in Resources */ = {isa = PBXBuildFile; fileRef = 4556BF771950BEFF008F31E2 /* animation_dog1.jpg */; };
/* End PBXBuildFile section */

/* Begin PBXContainerItemProxy section */
		4556BF611950A69A008F31E2 /* PBXContainerItemProxy */ = {
			isa = PBXContainerItemProxy;
			containerPortal = 4556BF301950A699008F31E2 /* Project object */;
			proxyType = 1;
			remoteGlobalIDString = 4556BF371950A699008F31E2;
			remoteInfo = SingleView;
		};
/* End PBXContainerItemProxy section */

/* Begin PBXFileReference section */
		4556BF381950A69A008F31E2 /* SingleView.app */ = {isa = PBXFileReference; explicitFileType = wrapper.application; includeInIndex = 0; path = SingleView.app; sourceTree = BUILT_PRODUCTS_DIR; };
		4556BF3B1950A69A008F31E2 /* Foundation.framework */ = {isa = PBXFileReference; lastKnownFileType = wrapper.framework; name = Foundation.framework; path = System/Library/Frameworks/Foundation.framework; sourceTree = SDKROOT; };
		4556BF3D1950A69A008F31E2 /* CoreGraphics.framework */ = {isa = PBXFileReference; lastKnownFileType = wrapper.framework; name = CoreGraphics.framework; path = System/Library/Frameworks/CoreGraphics.framework; sourceTree = SDKROOT; };
		4556BF3F1950A69A008F31E2 /* UIKit.framework */ = {isa = PBXFileReference; lastKnownFileType = wrapper.framework; name = UIKit.framework; path = System/Library/Frameworks/UIKit.framework; sourceTree = SDKROOT; };
		4556BF431950A69A008F31E2 /* SingleView-Info.plist */ = {isa = PBXFileReference; lastKnownFileType = text.plist.xml; path = "SingleView-Info.plist"; sourceTree = "<group>"; };
		4556BF451950A69A008F31E2 /* en */ = {isa = PBXFileReference; lastKnownFileType = text.plist.strings; name = en; path = en.lproj/InfoPlist.strings; sourceTree = "<group>"; };
		4556BF471950A69A008F31E2 /* main.m */ = {isa = PBXFileReference; lastKnownFileType = sourcecode.c.objc; path = main.m; sourceTree = "<group>"; };
		4556BF491950A69A008F31E2 /* SingleView-Prefix.pch */ = {isa = PBXFileReference; lastKnownFileType = sourcecode.c.h; path = "SingleView-Prefix.pch"; sourceTree = "<group>"; };
		4556BF4A1950A69A008F31E2 /* XYZAppDelegate.h */ = {isa = PBXFileReference; lastKnownFileType = sourcecode.c.h; path = XYZAppDelegate.h; sourceTree = "<group>"; };
		4556BF4B1950A69A008F31E2 /* XYZAppDelegate.m */ = {isa = PBXFileReference; lastKnownFileType = sourcecode.c.objc; path = XYZAppDelegate.m; sourceTree = "<group>"; };
		4556BF4E1950A69A008F31E2 /* Base */ = {isa = PBXFileReference; lastKnownFileType = file.storyboard; name = Base; path = Base.lproj/Main_iPhone.storyboard; sourceTree = "<group>"; };
		4556BF511950A69A008F31E2 /* Base */ = {isa = PBXFileReference; lastKnownFileType = file.storyboard; name = Base; path = Base.lproj/Main_iPad.storyboard; sourceTree = "<group>"; };
		4556BF531950A69A008F31E2 /* XYZViewController.h */ = {isa = PBXFileReference; lastKnownFileType = sourcecode.c.h; path = XYZViewController.h; sourceTree = "<group>"; };
		4556BF541950A69A008F31E2 /* XYZViewController.m */ = {isa = PBXFileReference; lastKnownFileType = sourcecode.c.objc; path = XYZViewController.m; sourceTree = "<group>"; };
		4556BF561950A69A008F31E2 /* Images.xcassets */ = {isa = PBXFileReference; lastKnownFileType = folder.assetcatalog; path = Images.xcassets; sourceTree = "<group>"; };
		4556BF5C1950A69A008F31E2 /* SingleViewTests.xctest */ = {isa = PBXFileReference; explicitFileType = wrapper.cfbundle; includeInIndex = 0; path = SingleViewTests.xctest; sourceTree = BUILT_PRODUCTS_DIR; };
		4556BF5D1950A69A008F31E2 /* XCTest.framework */ = {isa = PBXFileReference; lastKnownFileType = wrapper.framework; name = XCTest.framework; path = Library/Frameworks/XCTest.framework; sourceTree = DEVELOPER_DIR; };
		4556BF651950A69A008F31E2 /* SingleViewTests-Info.plist */ = {isa = PBXFileReference; lastKnownFileType = text.plist.xml; path = "SingleViewTests-Info.plist"; sourceTree = "<group>"; };
		4556BF671950A69A008F31E2 /* en */ = {isa = PBXFileReference; lastKnownFileType = text.plist.strings; name = en; path = en.lproj/InfoPlist.strings; sourceTree = "<group>"; };
		4556BF691950A69A008F31E2 /* SingleViewTests.m */ = {isa = PBXFileReference; lastKnownFileType = sourcecode.c.objc; path = SingleViewTests.m; sourceTree = "<group>"; };
		4556BF731950BEFF008F31E2 /* animation_dog5.jpg */ = {isa = PBXFileReference; lastKnownFileType = image.jpeg; path = animation_dog5.jpg; sourceTree = "<group>"; };
		4556BF741950BEFF008F31E2 /* animation_dog4.jpg */ = {isa = PBXFileReference; lastKnownFileType = image.jpeg; path = animation_dog4.jpg; sourceTree = "<group>"; };
		4556BF751950BEFF008F31E2 /* animation_dog3.jpg */ = {isa = PBXFileReference; lastKnownFileType = image.jpeg; path = animation_dog3.jpg; sourceTree = "<group>"; };
		4556BF761950BEFF008F31E2 /* animation_dog2.jpg */ = {isa = PBXFileReference; lastKnownFileType = image.jpeg; path = animation_dog2.jpg; sourceTree = "<group>"; };
		4556BF771950BEFF008F31E2 /* animation_dog1.jpg */ = {isa = PBXFileReference; lastKnownFileType = image.jpeg; path = animation_dog1.jpg; sourceTree = "<group>"; };
/* End PBXFileReference section */

/* Begin PBXFrameworksBuildPhase section */
		4556BF351950A699008F31E2 /* Frameworks */ = {
			isa = PBXFrameworksBuildPhase;
			buildActionMask = 2147483647;
			files = (
				4556BF3E1950A69A008F31E2 /* CoreGraphics.framework in Frameworks */,
				4556BF401950A69A008F31E2 /* UIKit.framework in Frameworks */,
				4556BF3C1950A69A008F31E2 /* Foundation.framework in Frameworks */,
			);
			runOnlyForDeploymentPostprocessing = 0;
		};
		4556BF591950A69A008F31E2 /* Frameworks */ = {
			isa = PBXFrameworksBuildPhase;
			buildActionMask = 2147483647;
			files = (
				4556BF5E1950A69A008F31E2 /* XCTest.framework in Frameworks */,
				4556BF601950A69A008F31E2 /* UIKit.framework in Frameworks */,
				4556BF5F1950A69A008F31E2 /* Foundation.framework in Frameworks */,
			);
			runOnlyForDeploymentPostprocessing = 0;
		};
/* End PBXFrameworksBuildPhase section */

/* Begin PBXGroup section */
		4556BF2F1950A699008F31E2 = {
			isa = PBXGroup;
			children = (
				4556BF411950A69A008F31E2 /* SingleView */,
				4556BF631950A69A008F31E2 /* SingleViewTests */,
				4556BF3A1950A69A008F31E2 /* Frameworks */,
				4556BF391950A69A008F31E2 /* Products */,
			);
			sourceTree = "<group>";
		};
		4556BF391950A69A008F31E2 /* Products */ = {
			isa = PBXGroup;
			children = (
				4556BF381950A69A008F31E2 /* SingleView.app */,
				4556BF5C1950A69A008F31E2 /* SingleViewTests.xctest */,
			);
			name = Products;
			sourceTree = "<group>";
		};
		4556BF3A1950A69A008F31E2 /* Frameworks */ = {
			isa = PBXGroup;
			children = (
				4556BF3B1950A69A008F31E2 /* Foundation.framework */,
				4556BF3D1950A69A008F31E2 /* CoreGraphics.framework */,
				4556BF3F1950A69A008F31E2 /* UIKit.framework */,
				4556BF5D1950A69A008F31E2 /* XCTest.framework */,
			);
			name = Frameworks;
			sourceTree = "<group>";
		};
		4556BF411950A69A008F31E2 /* SingleView */ = {
			isa = PBXGroup;
			children = (
				4556BF4A1950A69A008F31E2 /* XYZAppDelegate.h */,
				4556BF4B1950A69A008F31E2 /* XYZAppDelegate.m */,
				4556BF4D1950A69A008F31E2 /* Main_iPhone.storyboard */,
				4556BF501950A69A008F31E2 /* Main_iPad.storyboard */,
				4556BF531950A69A008F31E2 /* XYZViewController.h */,
				4556BF541950A69A008F31E2 /* XYZViewController.m */,
				4556BF561950A69A008F31E2 /* Images.xcassets */,
				4556BF421950A69A008F31E2 /* Supporting Files */,
			);
			path = SingleView;
			sourceTree = "<group>";
		};
		4556BF421950A69A008F31E2 /* Supporting Files */ = {
			isa = PBXGroup;
			children = (
				4556BF431950A69A008F31E2 /* SingleView-Info.plist */,
				4556BF441950A69A008F31E2 /* InfoPlist.strings */,
				4556BF731950BEFF008F31E2 /* animation_dog5.jpg */,
				4556BF741950BEFF008F31E2 /* animation_dog4.jpg */,
				4556BF751950BEFF008F31E2 /* animation_dog3.jpg */,
				4556BF761950BEFF008F31E2 /* animation_dog2.jpg */,
				4556BF771950BEFF008F31E2 /* animation_dog1.jpg */,
				4556BF471950A69A008F31E2 /* main.m */,
				4556BF491950A69A008F31E2 /* SingleView-Prefix.pch */,
			);
			name = "Supporting Files";
			sourceTree = "<group>";
		};
		4556BF631950A69A008F31E2 /* SingleViewTests */ = {
			isa = PBXGroup;
			children = (
				4556BF691950A69A008F31E2 /* SingleViewTests.m */,
				4556BF641950A69A008F31E2 /* Supporting Files */,
			);
			path = SingleViewTests;
			sourceTree = "<group>";
		};
		4556BF641950A69A008F31E2 /* Supporting Files */ = {
			isa = PBXGroup;
			children = (
				4556BF651950A69A008F31E2 /* SingleViewTests-Info.plist */,
				4556BF661950A69A008F31E2 /* InfoPlist.strings */,
			);
			name = "Supporting Files";
			sourceTree = "<group>";
		};
/* End PBXGroup section */

/* Begin PBXNativeTarget section */
		4556BF371950A699008F31E2 /* SingleView */ = {
			isa = PBXNativeTarget;
			buildConfigurationList = 4556BF6D1950A69A008F31E2 /* Build configuration list for PBXNativeTarget "SingleView" */;
			buildPhases = (
				4556BF341950A699008F31E2 /* Sources */,
				4556BF351950A699008F31E2 /* Frameworks */,
				4556BF361950A699008F31E2 /* Resources */,
			);
			buildRules = (
			);
			dependencies = (
			);
			name = SingleView;
			productName = SingleView;
			productReference = 4556BF381950A69A008F31E2 /* SingleView.app */;
			productType = "com.apple.product-type.application";
		};
		4556BF5B1950A69A008F31E2 /* SingleViewTests */ = {
			isa = PBXNativeTarget;
			buildConfigurationList = 4556BF701950A69A008F31E2 /* Build configuration list for PBXNativeTarget "SingleViewTests" */;
			buildPhases = (
				4556BF581950A69A008F31E2 /* Sources */,
				4556BF591950A69A008F31E2 /* Frameworks */,
				4556BF5A1950A69A008F31E2 /* Resources */,
			);
			buildRules = (
			);
			dependencies = (
				4556BF621950A69A008F31E2 /* PBXTargetDependency */,
			);
			name = SingleViewTests;
			productName = SingleViewTests;
			productReference = 4556BF5C1950A69A008F31E2 /* SingleViewTests.xctest */;
			productType = "com.apple.product-type.bundle.unit-test";
		};
/* End PBXNativeTarget section */

/* Begin PBXProject section */
		4556BF301950A699008F31E2 /* Project object */ = {
			isa = PBXProject;
			attributes = {
				CLASSPREFIX = XYZ;
				LastUpgradeCheck = 0510;
				ORGANIZATIONNAME = "Abel Garcia";
				TargetAttributes = {
					4556BF5B1950A69A008F31E2 = {
						TestTargetID = 4556BF371950A699008F31E2;
					};
				};
			};
			buildConfigurationList = 4556BF331950A699008F31E2 /* Build configuration list for PBXProject "SingleView" */;
			compatibilityVersion = "Xcode 3.2";
			developmentRegion = English;
			hasScannedForEncodings = 0;
			knownRegions = (
				en,
				Base,
			);
			mainGroup = 4556BF2F1950A699008F31E2;
			productRefGroup = 4556BF391950A69A008F31E2 /* Products */;
			projectDirPath = "";
			projectRoot = "";
			targets = (
				4556BF371950A699008F31E2 /* SingleView */,
				4556BF5B1950A69A008F31E2 /* SingleViewTests */,
			);
		};
/* End PBXProject section */

/* Begin PBXResourcesBuildPhase section */
		4556BF361950A699008F31E2 /* Resources */ = {
			isa = PBXResourcesBuildPhase;
			buildActionMask = 2147483647;
			files = (
				4556BF521950A69A008F31E2 /* Main_iPad.storyboard in Resources */,
				4556BF781950BEFF008F31E2 /* animation_dog5.jpg in Resources */,
				4556BF7A1950BEFF008F31E2 /* animation_dog3.jpg in Resources */,
				4556BF571950A69A008F31E2 /* Images.xcassets in Resources */,
				4556BF7C1950BEFF008F31E2 /* animation_dog1.jpg in Resources */,
				4556BF7B1950BEFF008F31E2 /* animation_dog2.jpg in Resources */,
				4556BF4F1950A69A008F31E2 /* Main_iPhone.storyboard in Resources */,
				4556BF791950BEFF008F31E2 /* animation_dog4.jpg in Resources */,
				4556BF461950A69A008F31E2 /* InfoPlist.strings in Resources */,
			);
			runOnlyForDeploymentPostprocessing = 0;
		};
		4556BF5A1950A69A008F31E2 /* Resources */ = {
			isa = PBXResourcesBuildPhase;
			buildActionMask = 2147483647;
			files = (
				4556BF681950A69A008F31E2 /* InfoPlist.strings in Resources */,
			);
			runOnlyForDeploymentPostprocessing = 0;
		};
/* End PBXResourcesBuildPhase section */

/* Begin PBXSourcesBuildPhase section */
		4556BF341950A699008F31E2 /* Sources */ = {
			isa = PBXSourcesBuildPhase;
			buildActionMask = 2147483647;
			files = (
				4556BF551950A69A008F31E2 /* XYZViewController.m in Sources */,
				4556BF4C1950A69A008F31E2 /* XYZAppDelegate.m in Sources */,
				4556BF481950A69A008F31E2 /* main.m in Sources */,
			);
			runOnlyForDeploymentPostprocessing = 0;
		};
		4556BF581950A69A008F31E2 /* Sources */ = {
			isa = PBXSourcesBuildPhase;
			buildActionMask = 2147483647;
			files = (
				4556BF6A1950A69A008F31E2 /* SingleViewTests.m in Sources */,
			);
			runOnlyForDeploymentPostprocessing = 0;
		};
/* End PBXSourcesBuildPhase section */

/* Begin PBXTargetDependency section */
		4556BF621950A69A008F31E2 /* PBXTargetDependency */ = {
			isa = PBXTargetDependency;
			target = 4556BF371950A699008F31E2 /* SingleView */;
			targetProxy = 4556BF611950A69A008F31E2 /* PBXContainerItemProxy */;
		};
/* End PBXTargetDependency section */

/* Begin PBXVariantGroup section */
		4556BF441950A69A008F31E2 /* InfoPlist.strings */ = {
			isa = PBXVariantGroup;
			children = (
				4556BF451950A69A008F31E2 /* en */,
			);
			name = InfoPlist.strings;
			sourceTree = "<group>";
		};
		4556BF4D1950A69A008F31E2 /* Main_iPhone.storyboard */ = {
			isa = PBXVariantGroup;
			children = (
				4556BF4E1950A69A008F31E2 /* Base */,
			);
			name = Main_iPhone.storyboard;
			sourceTree = "<group>";
		};
		4556BF501950A69A008F31E2 /* Main_iPad.storyboard */ = {
			isa = PBXVariantGroup;
			children = (
				4556BF511950A69A008F31E2 /* Base */,
			);
			name = Main_iPad.storyboard;
			sourceTree = "<group>";
		};
		4556BF661950A69A008F31E2 /* InfoPlist.strings */ = {
			isa = PBXVariantGroup;
			children = (
				4556BF671950A69A008F31E2 /* en */,
			);
			name = InfoPlist.strings;
			sourceTree = "<group>";
		};
/* End PBXVariantGroup section */

/* Begin XCBuildConfiguration section */
		4556BF6B1950A69A008F31E2 /* Debug */ = {
			isa = XCBuildConfiguration;
			buildSettings = {
				ALWAYS_SEARCH_USER_PATHS = NO;
				CLANG_CXX_LANGUAGE_STANDARD = "gnu++0x";
				CLANG_CXX_LIBRARY = "libc++";
				CLANG_ENABLE_MODULES = YES;
				CLANG_ENABLE_OBJC_ARC = YES;
				CLANG_WARN_BOOL_CONVERSION = YES;
				CLANG_WARN_CONSTANT_CONVERSION = YES;
				CLANG_WARN_DIRECT_OBJC_ISA_USAGE = YES_ERROR;
				CLANG_WARN_EMPTY_BODY = YES;
				CLANG_WARN_ENUM_CONVERSION = YES;
				CLANG_WARN_INT_CONVERSION = YES;
				CLANG_WARN_OBJC_ROOT_CLASS = YES_ERROR;
				CLANG_WARN__DUPLICATE_METHOD_MATCH = YES;
				"CODE_SIGN_IDENTITY[sdk=iphoneos*]" = "iPhone Developer";
				COPY_PHASE_STRIP = NO;
				GCC_C_LANGUAGE_STANDARD = gnu99;
				GCC_DYNAMIC_NO_PIC = NO;
				GCC_OPTIMIZATION_LEVEL = 0;
				GCC_PREPROCESSOR_DEFINITIONS = (
					"DEBUG=1",
					"$(inherited)",
				);
				GCC_SYMBOLS_PRIVATE_EXTERN = NO;
				GCC_WARN_64_TO_32_BIT_CONVERSION = YES;
				GCC_WARN_ABOUT_RETURN_TYPE = YES_ERROR;
				GCC_WARN_UNDECLARED_SELECTOR = YES;
				GCC_WARN_UNINITIALIZED_AUTOS = YES_AGGRESSIVE;
				GCC_WARN_UNUSED_FUNCTION = YES;
				GCC_WARN_UNUSED_VARIABLE = YES;
				IPHONEOS_DEPLOYMENT_TARGET = 7.1;
				ONLY_ACTIVE_ARCH = YES;
				SDKROOT = iphoneos;
				TARGETED_DEVICE_FAMILY = "1,2";
			};
			name = Debug;
		};
		4556BF6C1950A69A008F31E2 /* Release */ = {
			isa = XCBuildConfiguration;
			buildSettings = {
				ALWAYS_SEARCH_USER_PATHS = NO;
				CLANG_CXX_LANGUAGE_STANDARD = "gnu++0x";
				CLANG_CXX_LIBRARY = "libc++";
				CLANG_ENABLE_MODULES = YES;
				CLANG_ENABLE_OBJC_ARC = YES;
				CLANG_WARN_BOOL_CONVERSION = YES;
				CLANG_WARN_CONSTANT_CONVERSION = YES;
				CLANG_WARN_DIRECT_OBJC_ISA_USAGE = YES_ERROR;
				CLANG_WARN_EMPTY_BODY = YES;
				CLANG_WARN_ENUM_CONVERSION = YES;
				CLANG_WARN_INT_CONVERSION = YES;
				CLANG_WARN_OBJC_ROOT_CLASS = YES_ERROR;
				CLANG_WARN__DUPLICATE_METHOD_MATCH = YES;
				"CODE_SIGN_IDENTITY[sdk=iphoneos*]" = "iPhone Developer";
				COPY_PHASE_STRIP = YES;
				ENABLE_NS_ASSERTIONS = NO;
				GCC_C_LANGUAGE_STANDARD = gnu99;
				GCC_WARN_64_TO_32_BIT_CONVERSION = YES;
				GCC_WARN_ABOUT_RETURN_TYPE = YES_ERROR;
				GCC_WARN_UNDECLARED_SELECTOR = YES;
				GCC_WARN_UNINITIALIZED_AUTOS = YES_AGGRESSIVE;
				GCC_WARN_UNUSED_FUNCTION = YES;
				GCC_WARN_UNUSED_VARIABLE = YES;
				IPHONEOS_DEPLOYMENT_TARGET = 7.1;
				SDKROOT = iphoneos;
				TARGETED_DEVICE_FAMILY = "1,2";
				VALIDATE_PRODUCT = YES;
			};
			name = Release;
		};
		4556BF6E1950A69A008F31E2 /* Debug */ = {
			isa = XCBuildConfiguration;
			buildSettings = {
				ASSETCATALOG_COMPILER_APPICON_NAME = AppIcon;
				ASSETCATALOG_COMPILER_LAUNCHIMAGE_NAME = LaunchImage;
				GCC_PRECOMPILE_PREFIX_HEADER = YES;
				GCC_PREFIX_HEADER = "SingleView/SingleView-Prefix.pch";
				INFOPLIST_FILE = "SingleView/SingleView-Info.plist";
				PRODUCT_NAME = "$(TARGET_NAME)";
				WRAPPER_EXTENSION = app;
			};
			name = Debug;
		};
		4556BF6F1950A69A008F31E2 /* Release */ = {
			isa = XCBuildConfiguration;
			buildSettings = {
				ASSETCATALOG_COMPILER_APPICON_NAME = AppIcon;
				ASSETCATALOG_COMPILER_LAUNCHIMAGE_NAME = LaunchImage;
				GCC_PRECOMPILE_PREFIX_HEADER = YES;
				GCC_PREFIX_HEADER = "SingleView/SingleView-Prefix.pch";
				INFOPLIST_FILE = "SingleView/SingleView-Info.plist";
				PRODUCT_NAME = "$(TARGET_NAME)";
				WRAPPER_EXTENSION = app;
			};
			name = Release;
		};
		4556BF711950A69A008F31E2 /* Debug */ = {
			isa = XCBuildConfiguration;
			buildSettings = {
				BUNDLE_LOADER = "$(BUILT_PRODUCTS_DIR)/SingleView.app/SingleView";
				FRAMEWORK_SEARCH_PATHS = (
					"$(SDKROOT)/Developer/Library/Frameworks",
					"$(inherited)",
					"$(DEVELOPER_FRAMEWORKS_DIR)",
				);
				GCC_PRECOMPILE_PREFIX_HEADER = YES;
				GCC_PREFIX_HEADER = "SingleView/SingleView-Prefix.pch";
				GCC_PREPROCESSOR_DEFINITIONS = (
					"DEBUG=1",
					"$(inherited)",
				);
				INFOPLIST_FILE = "SingleViewTests/SingleViewTests-Info.plist";
				PRODUCT_NAME = "$(TARGET_NAME)";
				TEST_HOST = "$(BUNDLE_LOADER)";
				WRAPPER_EXTENSION = xctest;
			};
			name = Debug;
		};
		4556BF721950A69A008F31E2 /* Release */ = {
			isa = XCBuildConfiguration;
			buildSettings = {
				BUNDLE_LOADER = "$(BUILT_PRODUCTS_DIR)/SingleView.app/SingleView";
				FRAMEWORK_SEARCH_PATHS = (
					"$(SDKROOT)/Developer/Library/Frameworks",
					"$(inherited)",
					"$(DEVELOPER_FRAMEWORKS_DIR)",
				);
				GCC_PRECOMPILE_PREFIX_HEADER = YES;
				GCC_PREFIX_HEADER = "SingleView/SingleView-Prefix.pch";
				INFOPLIST_FILE = "SingleViewTests/SingleViewTests-Info.plist";
				PRODUCT_NAME = "$(TARGET_NAME)";
				TEST_HOST = "$(BUNDLE_LOADER)";
				WRAPPER_EXTENSION = xctest;
			};
			name = Release;
		};
/* End XCBuildConfiguration section */

/* Begin XCConfigurationList section */
		4556BF331950A699008F31E2 /* Build configuration list for PBXProject "SingleView" */ = {
			isa = XCConfigurationList;
			buildConfigurations = (
				4556BF6B1950A69A008F31E2 /* Debug */,
				4556BF6C1950A69A008F31E2 /* Release */,
			);
			defaultConfigurationIsVisible = 0;
			defaultConfigurationName = Release;
		};
		4556BF6D1950A69A008F31E2 /* Build configuration list for PBXNativeTarget "SingleView" */ = {
			isa = XCConfigurationList;
			buildConfigurations = (
				4556BF6E1950A69A008F31E2 /* Debug */,
				4556BF6F1950A69A008F31E2 /* Release */,
			);
			defaultConfigurationIsVisible = 0;
			defaultConfigurationName = Release;
		};
		4556BF701950A69A008F31E2 /* Build configuration list for PBXNativeTarget "SingleViewTests" */ = {
			isa = XCConfigurationList;
			buildConfigurations = (
				4556BF711950A69A008F31E2 /* Debug */,
				4556BF721950A69A008F31E2 /* Release */,
			);
			defaultConfigurationIsVisible = 0;
			defaultConfigurationName = Release;
		};
/* End XCConfigurationList section */
	};
	rootObject = 4556BF301950A699008F31E2 /* Project object */;
}
